
Microsoft Visual Studio Solution File, Format Version 12.00
# Visual Studio Version 16
VisualStudioVersion = 16.0.31911.196
MinimumVisualStudioVersion = 10.0.40219.1
Project("{FAE04EC0-301F-11D3-BF4B-00C04F79EFBC}") = "ZeldaMonogame.Android", "..\ZeldaMonogame.Android\ZeldaMonogame.Android.csproj", "{B88A3D22-39D5-4AA3-B9E9-1D6588E1E397}"
EndProject
Project("{9A19103F-16F7-4668-BE54-9A1E7A4F7556}") = "ZeldaMonogame.Core", "..\ZeldaMonogame.Core\ZeldaMonogame.Core.csproj", "{53668B8B-01B6-4E7D-BE23-9EE21C406B04}"
	ProjectSection(ProjectDependencies) = postProject
		{A4D0AA88-5DBC-46AC-A3D3-EA0060640C6F} = {A4D0AA88-5DBC-46AC-A3D3-EA0060640C6F}
	EndProjectSection
EndProject
Project("{9A19103F-16F7-4668-BE54-9A1E7A4F7556}") = "ZeldaMonogame.DesktopGL", "..\ZeldaMonogame.DesktopGL\ZeldaMonogame.DesktopGL.csproj", "{9534DE23-E468-4997-ACDD-F29D48DD3673}"
EndProject
Project("{FAE04EC0-301F-11D3-BF4B-00C04F79EFBC}") = "ZeldaMonogame.iOS", "..\ZeldaMonogame.iOS\ZeldaMonogame.iOS.csproj", "{7FDC81FE-42DC-4166-AA7D-6ACF3E71CF0F}"
EndProject
Project("{9A19103F-16F7-4668-BE54-9A1E7A4F7556}") = "ZeldaMonogame.WindowsDX", "..\ZeldaMonogame.WindowsDX\ZeldaMonogame.WindowsDX.csproj", "{B621FFF7-4AB6-4ED5-AB32-77AEBE354B04}"
EndProject
Project("{FAE04EC0-301F-11D3-BF4B-00C04F79EFBC}") = "ZeldaMonogame.WindowsUWP", "..\ZeldaMonogame.WindowsUWP\ZeldaMonogame.WindowsUWP.csproj", "{F2E9F898-5CEA-4267-8FEA-10734D287548}"
EndProject
Project("{9A19103F-16F7-4668-BE54-9A1E7A4F7556}") = "TiledSharp", "..\TiledSharp\TiledSharp.csproj", "{A4D0AA88-5DBC-46AC-A3D3-EA0060640C6F}"
EndProject
Global
	GlobalSection(SolutionConfigurationPlatforms) = preSolution
		Ad-Hoc|Any CPU = Ad-Hoc|Any CPU
		Ad-Hoc|ARM = Ad-Hoc|ARM
		Ad-Hoc|iPhone = Ad-Hoc|iPhone
		Ad-Hoc|iPhoneSimulator = Ad-Hoc|iPhoneSimulator
		Ad-Hoc|x64 = Ad-Hoc|x64
		Ad-Hoc|x86 = Ad-Hoc|x86
		AppStore|Any CPU = AppStore|Any CPU
		AppStore|ARM = AppStore|ARM
		AppStore|iPhone = AppStore|iPhone
		AppStore|iPhoneSimulator = AppStore|iPhoneSimulator
		AppStore|x64 = AppStore|x64
		AppStore|x86 = AppStore|x86
		Debug|Any CPU = Debug|Any CPU
		Debug|ARM = Debug|ARM
		Debug|iPhone = Debug|iPhone
		Debug|iPhoneSimulator = Debug|iPhoneSimulator
		Debug|x64 = Debug|x64
		Debug|x86 = Debug|x86
		Release|Any CPU = Release|Any CPU
		Release|ARM = Release|ARM
		Release|iPhone = Release|iPhone
		Release|iPhoneSimulator = Release|iPhoneSimulator
		Release|x64 = Release|x64
		Release|x86 = Release|x86
	EndGlobalSection
	GlobalSection(ProjectConfigurationPlatforms) = postSolution
		{B88A3D22-39D5-4AA3-B9E9-1D6588E1E397}.Ad-Hoc|Any CPU.ActiveCfg = Debug|Any CPU
		{B88A3D22-39D5-4AA3-B9E9-1D6588E1E397}.Ad-Hoc|Any CPU.Build.0 = Debug|Any CPU
		{B88A3D22-39D5-4AA3-B9E9-1D6588E1E397}.Ad-Hoc|Any CPU.Deploy.0 = Debug|Any CPU
		{B88A3D22-39D5-4AA3-B9E9-1D6588E1E397}.Ad-Hoc|ARM.ActiveCfg = Debug|Any CPU
		{B88A3D22-39D5-4AA3-B9E9-1D6588E1E397}.Ad-Hoc|ARM.Build.0 = Debug|Any CPU
		{B88A3D22-39D5-4AA3-B9E9-1D6588E1E397}.Ad-Hoc|ARM.Deploy.0 = Debug|Any CPU
		{B88A3D22-39D5-4AA3-B9E9-1D6588E1E397}.Ad-Hoc|iPhone.ActiveCfg = Debug|Any CPU
		{B88A3D22-39D5-4AA3-B9E9-1D6588E1E397}.Ad-Hoc|iPhone.Build.0 = Debug|Any CPU
		{B88A3D22-39D5-4AA3-B9E9-1D6588E1E397}.Ad-Hoc|iPhone.Deploy.0 = Debug|Any CPU
		{B88A3D22-39D5-4AA3-B9E9-1D6588E1E397}.Ad-Hoc|iPhoneSimulator.ActiveCfg = Debug|Any CPU
		{B88A3D22-39D5-4AA3-B9E9-1D6588E1E397}.Ad-Hoc|iPhoneSimulator.Build.0 = Debug|Any CPU
		{B88A3D22-39D5-4AA3-B9E9-1D6588E1E397}.Ad-Hoc|iPhoneSimulator.Deploy.0 = Debug|Any CPU
		{B88A3D22-39D5-4AA3-B9E9-1D6588E1E397}.Ad-Hoc|x64.ActiveCfg = Debug|Any CPU
		{B88A3D22-39D5-4AA3-B9E9-1D6588E1E397}.Ad-Hoc|x64.Build.0 = Debug|Any CPU
		{B88A3D22-39D5-4AA3-B9E9-1D6588E1E397}.Ad-Hoc|x64.Deploy.0 = Debug|Any CPU
		{B88A3D22-39D5-4AA3-B9E9-1D6588E1E397}.Ad-Hoc|x86.ActiveCfg = Debug|Any CPU
		{B88A3D22-39D5-4AA3-B9E9-1D6588E1E397}.Ad-Hoc|x86.Build.0 = Debug|Any CPU
		{B88A3D22-39D5-4AA3-B9E9-1D6588E1E397}.Ad-Hoc|x86.Deploy.0 = Debug|Any CPU
		{B88A3D22-39D5-4AA3-B9E9-1D6588E1E397}.AppStore|Any CPU.ActiveCfg = Debug|Any CPU
		{B88A3D22-39D5-4AA3-B9E9-1D6588E1E397}.AppStore|Any CPU.Build.0 = Debug|Any CPU
		{B88A3D22-39D5-4AA3-B9E9-1D6588E1E397}.AppStore|Any CPU.Deploy.0 = Debug|Any CPU
		{B88A3D22-39D5-4AA3-B9E9-1D6588E1E397}.AppStore|ARM.ActiveCfg = Debug|Any CPU
		{B88A3D22-39D5-4AA3-B9E9-1D6588E1E397}.AppStore|ARM.Build.0 = Debug|Any CPU
		{B88A3D22-39D5-4AA3-B9E9-1D6588E1E397}.AppStore|ARM.Deploy.0 = Debug|Any CPU
		{B88A3D22-39D5-4AA3-B9E9-1D6588E1E397}.AppStore|iPhone.ActiveCfg = Debug|Any CPU
		{B88A3D22-39D5-4AA3-B9E9-1D6588E1E397}.AppStore|iPhone.Build.0 = Debug|Any CPU
		{B88A3D22-39D5-4AA3-B9E9-1D6588E1E397}.AppStore|iPhone.Deploy.0 = Debug|Any CPU
		{B88A3D22-39D5-4AA3-B9E9-1D6588E1E397}.AppStore|iPhoneSimulator.ActiveCfg = Debug|Any CPU
		{B88A3D22-39D5-4AA3-B9E9-1D6588E1E397}.AppStore|iPhoneSimulator.Build.0 = Debug|Any CPU
		{B88A3D22-39D5-4AA3-B9E9-1D6588E1E397}.AppStore|iPhoneSimulator.Deploy.0 = Debug|Any CPU
		{B88A3D22-39D5-4AA3-B9E9-1D6588E1E397}.AppStore|x64.ActiveCfg = Debug|Any CPU
		{B88A3D22-39D5-4AA3-B9E9-1D6588E1E397}.AppStore|x64.Build.0 = Debug|Any CPU
		{B88A3D22-39D5-4AA3-B9E9-1D6588E1E397}.AppStore|x64.Deploy.0 = Debug|Any CPU
		{B88A3D22-39D5-4AA3-B9E9-1D6588E1E397}.AppStore|x86.ActiveCfg = Debug|Any CPU
		{B88A3D22-39D5-4AA3-B9E9-1D6588E1E397}.AppStore|x86.Build.0 = Debug|Any CPU
		{B88A3D22-39D5-4AA3-B9E9-1D6588E1E397}.AppStore|x86.Deploy.0 = Debug|Any CPU
		{B88A3D22-39D5-4AA3-B9E9-1D6588E1E397}.Debug|Any CPU.ActiveCfg = Debug|Any CPU
		{B88A3D22-39D5-4AA3-B9E9-1D6588E1E397}.Debug|Any CPU.Build.0 = Debug|Any CPU
		{B88A3D22-39D5-4AA3-B9E9-1D6588E1E397}.Debug|Any CPU.Deploy.0 = Debug|Any CPU
		{B88A3D22-39D5-4AA3-B9E9-1D6588E1E397}.Debug|ARM.ActiveCfg = Debug|Any CPU
		{B88A3D22-39D5-4AA3-B9E9-1D6588E1E397}.Debug|ARM.Build.0 = Debug|Any CPU
		{B88A3D22-39D5-4AA3-B9E9-1D6588E1E397}.Debug|ARM.Deploy.0 = Debug|Any CPU
		{B88A3D22-39D5-4AA3-B9E9-1D6588E1E397}.Debug|iPhone.ActiveCfg = Debug|Any CPU
		{B88A3D22-39D5-4AA3-B9E9-1D6588E1E397}.Debug|iPhone.Build.0 = Debug|Any CPU
		{B88A3D22-39D5-4AA3-B9E9-1D6588E1E397}.Debug|iPhone.Deploy.0 = Debug|Any CPU
		{B88A3D22-39D5-4AA3-B9E9-1D6588E1E397}.Debug|iPhoneSimulator.ActiveCfg = Debug|Any CPU
		{B88A3D22-39D5-4AA3-B9E9-1D6588E1E397}.Debug|iPhoneSimulator.Build.0 = Debug|Any CPU
		{B88A3D22-39D5-4AA3-B9E9-1D6588E1E397}.Debug|iPhoneSimulator.Deploy.0 = Debug|Any CPU
		{B88A3D22-39D5-4AA3-B9E9-1D6588E1E397}.Debug|x64.ActiveCfg = Debug|Any CPU
		{B88A3D22-39D5-4AA3-B9E9-1D6588E1E397}.Debug|x64.Build.0 = Debug|Any CPU
		{B88A3D22-39D5-4AA3-B9E9-1D6588E1E397}.Debug|x64.Deploy.0 = Debug|Any CPU
		{B88A3D22-39D5-4AA3-B9E9-1D6588E1E397}.Debug|x86.ActiveCfg = Debug|Any CPU
		{B88A3D22-39D5-4AA3-B9E9-1D6588E1E397}.Debug|x86.Build.0 = Debug|Any CPU
		{B88A3D22-39D5-4AA3-B9E9-1D6588E1E397}.Debug|x86.Deploy.0 = Debug|Any CPU
		{B88A3D22-39D5-4AA3-B9E9-1D6588E1E397}.Release|Any CPU.ActiveCfg = Release|Any CPU
		{B88A3D22-39D5-4AA3-B9E9-1D6588E1E397}.Release|Any CPU.Build.0 = Release|Any CPU
		{B88A3D22-39D5-4AA3-B9E9-1D6588E1E397}.Release|Any CPU.Deploy.0 = Release|Any CPU
		{B88A3D22-39D5-4AA3-B9E9-1D6588E1E397}.Release|ARM.ActiveCfg = Release|Any CPU
		{B88A3D22-39D5-4AA3-B9E9-1D6588E1E397}.Release|ARM.Build.0 = Release|Any CPU
		{B88A3D22-39D5-4AA3-B9E9-1D6588E1E397}.Release|ARM.Deploy.0 = Release|Any CPU
		{B88A3D22-39D5-4AA3-B9E9-1D6588E1E397}.Release|iPhone.ActiveCfg = Release|Any CPU
		{B88A3D22-39D5-4AA3-B9E9-1D6588E1E397}.Release|iPhone.Build.0 = Release|Any CPU
		{B88A3D22-39D5-4AA3-B9E9-1D6588E1E397}.Release|iPhone.Deploy.0 = Release|Any CPU
		{B88A3D22-39D5-4AA3-B9E9-1D6588E1E397}.Release|iPhoneSimulator.ActiveCfg = Release|Any CPU
		{B88A3D22-39D5-4AA3-B9E9-1D6588E1E397}.Release|iPhoneSimulator.Build.0 = Release|Any CPU
		{B88A3D22-39D5-4AA3-B9E9-1D6588E1E397}.Release|iPhoneSimulator.Deploy.0 = Release|Any CPU
		{B88A3D22-39D5-4AA3-B9E9-1D6588E1E397}.Release|x64.ActiveCfg = Release|Any CPU
		{B88A3D22-39D5-4AA3-B9E9-1D6588E1E397}.Release|x64.Build.0 = Release|Any CPU
		{B88A3D22-39D5-4AA3-B9E9-1D6588E1E397}.Release|x64.Deploy.0 = Release|Any CPU
		{B88A3D22-39D5-4AA3-B9E9-1D6588E1E397}.Release|x86.ActiveCfg = Release|Any CPU
		{B88A3D22-39D5-4AA3-B9E9-1D6588E1E397}.Release|x86.Build.0 = Release|Any CPU
		{B88A3D22-39D5-4AA3-B9E9-1D6588E1E397}.Release|x86.Deploy.0 = Release|Any CPU
		{53668B8B-01B6-4E7D-BE23-9EE21C406B04}.Ad-Hoc|Any CPU.ActiveCfg = Debug|Any CPU
		{53668B8B-01B6-4E7D-BE23-9EE21C406B04}.Ad-Hoc|Any CPU.Build.0 = Debug|Any CPU
		{53668B8B-01B6-4E7D-BE23-9EE21C406B04}.Ad-Hoc|ARM.ActiveCfg = Debug|Any CPU
		{53668B8B-01B6-4E7D-BE23-9EE21C406B04}.Ad-Hoc|ARM.Build.0 = Debug|Any CPU
		{53668B8B-01B6-4E7D-BE23-9EE21C406B04}.Ad-Hoc|iPhone.ActiveCfg = Debug|Any CPU
		{53668B8B-01B6-4E7D-BE23-9EE21C406B04}.Ad-Hoc|iPhone.Build.0 = Debug|Any CPU
		{53668B8B-01B6-4E7D-BE23-9EE21C406B04}.Ad-Hoc|iPhoneSimulator.ActiveCfg = Debug|Any CPU
		{53668B8B-01B6-4E7D-BE23-9EE21C406B04}.Ad-Hoc|iPhoneSimulator.Build.0 = Debug|Any CPU
		{53668B8B-01B6-4E7D-BE23-9EE21C406B04}.Ad-Hoc|x64.ActiveCfg = Debug|Any CPU
		{53668B8B-01B6-4E7D-BE23-9EE21C406B04}.Ad-Hoc|x64.Build.0 = Debug|Any CPU
		{53668B8B-01B6-4E7D-BE23-9EE21C406B04}.Ad-Hoc|x86.ActiveCfg = Debug|Any CPU
		{53668B8B-01B6-4E7D-BE23-9EE21C406B04}.Ad-Hoc|x86.Build.0 = Debug|Any CPU
		{53668B8B-01B6-4E7D-BE23-9EE21C406B04}.AppStore|Any CPU.ActiveCfg = Debug|Any CPU
		{53668B8B-01B6-4E7D-BE23-9EE21C406B04}.AppStore|Any CPU.Build.0 = Debug|Any CPU
		{53668B8B-01B6-4E7D-BE23-9EE21C406B04}.AppStore|ARM.ActiveCfg = Debug|Any CPU
		{53668B8B-01B6-4E7D-BE23-9EE21C406B04}.AppStore|ARM.Build.0 = Debug|Any CPU
		{53668B8B-01B6-4E7D-BE23-9EE21C406B04}.AppStore|iPhone.ActiveCfg = Debug|Any CPU
		{53668B8B-01B6-4E7D-BE23-9EE21C406B04}.AppStore|iPhone.Build.0 = Debug|Any CPU
		{53668B8B-01B6-4E7D-BE23-9EE21C406B04}.AppStore|iPhoneSimulator.ActiveCfg = Debug|Any CPU
		{53668B8B-01B6-4E7D-BE23-9EE21C406B04}.AppStore|iPhoneSimulator.Build.0 = Debug|Any CPU
		{53668B8B-01B6-4E7D-BE23-9EE21C406B04}.AppStore|x64.ActiveCfg = Debug|Any CPU
		{53668B8B-01B6-4E7D-BE23-9EE21C406B04}.AppStore|x64.Build.0 = Debug|Any CPU
		{53668B8B-01B6-4E7D-BE23-9EE21C406B04}.AppStore|x86.ActiveCfg = Debug|Any CPU
		{53668B8B-01B6-4E7D-BE23-9EE21C406B04}.AppStore|x86.Build.0 = Debug|Any CPU
		{53668B8B-01B6-4E7D-BE23-9EE21C406B04}.Debug|Any CPU.ActiveCfg = Debug|Any CPU
		{53668B8B-01B6-4E7D-BE23-9EE21C406B04}.Debug|Any CPU.Build.0 = Debug|Any CPU
		{53668B8B-01B6-4E7D-BE23-9EE21C406B04}.Debug|ARM.ActiveCfg = Debug|Any CPU
		{53668B8B-01B6-4E7D-BE23-9EE21C406B04}.Debug|ARM.Build.0 = Debug|Any CPU
		{53668B8B-01B6-4E7D-BE23-9EE21C406B04}.Debug|iPhone.ActiveCfg = Debug|Any CPU
		{53668B8B-01B6-4E7D-BE23-9EE21C406B04}.Debug|iPhone.Build.0 = Debug|Any CPU
		{53668B8B-01B6-4E7D-BE23-9EE21C406B04}.Debug|iPhoneSimulator.ActiveCfg = Debug|Any CPU
		{53668B8B-01B6-4E7D-BE23-9EE21C406B04}.Debug|iPhoneSimulator.Build.0 = Debug|Any CPU
		{53668B8B-01B6-4E7D-BE23-9EE21C406B04}.Debug|x64.ActiveCfg = Debug|Any CPU
		{53668B8B-01B6-4E7D-BE23-9EE21C406B04}.Debug|x64.Build.0 = Debug|Any CPU
		{53668B8B-01B6-4E7D-BE23-9EE21C406B04}.Debug|x86.ActiveCfg = Debug|Any CPU
		{53668B8B-01B6-4E7D-BE23-9EE21C406B04}.Debug|x86.Build.0 = Debug|Any CPU
		{53668B8B-01B6-4E7D-BE23-9EE21C406B04}.Release|Any CPU.ActiveCfg = Release|Any CPU
		{53668B8B-01B6-4E7D-BE23-9EE21C406B04}.Release|Any CPU.Build.0 = Release|Any CPU
		{53668B8B-01B6-4E7D-BE23-9EE21C406B04}.Release|ARM.ActiveCfg = Release|Any CPU
		{53668B8B-01B6-4E7D-BE23-9EE21C406B04}.Release|ARM.Build.0 = Release|Any CPU
		{53668B8B-01B6-4E7D-BE23-9EE21C406B04}.Release|iPhone.ActiveCfg = Release|Any CPU
		{53668B8B-01B6-4E7D-BE23-9EE21C406B04}.Release|iPhone.Build.0 = Release|Any CPU
		{53668B8B-01B6-4E7D-BE23-9EE21C406B04}.Release|iPhoneSimulator.ActiveCfg = Release|Any CPU
		{53668B8B-01B6-4E7D-BE23-9EE21C406B04}.Release|iPhoneSimulator.Build.0 = Release|Any CPU
		{53668B8B-01B6-4E7D-BE23-9EE21C406B04}.Release|x64.ActiveCfg = Release|Any CPU
		{53668B8B-01B6-4E7D-BE23-9EE21C406B04}.Release|x64.Build.0 = Release|Any CPU
		{53668B8B-01B6-4E7D-BE23-9EE21C406B04}.Release|x86.ActiveCfg = Release|Any CPU
		{53668B8B-01B6-4E7D-BE23-9EE21C406B04}.Release|x86.Build.0 = Release|Any CPU
		{9534DE23-E468-4997-ACDD-F29D48DD3673}.Ad-Hoc|Any CPU.ActiveCfg = Debug|Any CPU
		{9534DE23-E468-4997-ACDD-F29D48DD3673}.Ad-Hoc|Any CPU.Build.0 = Debug|Any CPU
		{9534DE23-E468-4997-ACDD-F29D48DD3673}.Ad-Hoc|ARM.ActiveCfg = Debug|Any CPU
		{9534DE23-E468-4997-ACDD-F29D48DD3673}.Ad-Hoc|ARM.Build.0 = Debug|Any CPU
		{9534DE23-E468-4997-ACDD-F29D48DD3673}.Ad-Hoc|iPhone.ActiveCfg = Debug|Any CPU
		{9534DE23-E468-4997-ACDD-F29D48DD3673}.Ad-Hoc|iPhone.Build.0 = Debug|Any CPU
		{9534DE23-E468-4997-ACDD-F29D48DD3673}.Ad-Hoc|iPhoneSimulator.ActiveCfg = Debug|Any CPU
		{9534DE23-E468-4997-ACDD-F29D48DD3673}.Ad-Hoc|iPhoneSimulator.Build.0 = Debug|Any CPU
		{9534DE23-E468-4997-ACDD-F29D48DD3673}.Ad-Hoc|x64.ActiveCfg = Debug|Any CPU
		{9534DE23-E468-4997-ACDD-F29D48DD3673}.Ad-Hoc|x64.Build.0 = Debug|Any CPU
		{9534DE23-E468-4997-ACDD-F29D48DD3673}.Ad-Hoc|x86.ActiveCfg = Debug|Any CPU
		{9534DE23-E468-4997-ACDD-F29D48DD3673}.Ad-Hoc|x86.Build.0 = Debug|Any CPU
		{9534DE23-E468-4997-ACDD-F29D48DD3673}.AppStore|Any CPU.ActiveCfg = Debug|Any CPU
		{9534DE23-E468-4997-ACDD-F29D48DD3673}.AppStore|Any CPU.Build.0 = Debug|Any CPU
		{9534DE23-E468-4997-ACDD-F29D48DD3673}.AppStore|ARM.ActiveCfg = Debug|Any CPU
		{9534DE23-E468-4997-ACDD-F29D48DD3673}.AppStore|ARM.Build.0 = Debug|Any CPU
		{9534DE23-E468-4997-ACDD-F29D48DD3673}.AppStore|iPhone.ActiveCfg = Debug|Any CPU
		{9534DE23-E468-4997-ACDD-F29D48DD3673}.AppStore|iPhone.Build.0 = Debug|Any CPU
		{9534DE23-E468-4997-ACDD-F29D48DD3673}.AppStore|iPhoneSimulator.ActiveCfg = Debug|Any CPU
		{9534DE23-E468-4997-ACDD-F29D48DD3673}.AppStore|iPhoneSimulator.Build.0 = Debug|Any CPU
		{9534DE23-E468-4997-ACDD-F29D48DD3673}.AppStore|x64.ActiveCfg = Debug|Any CPU
		{9534DE23-E468-4997-ACDD-F29D48DD3673}.AppStore|x64.Build.0 = Debug|Any CPU
		{9534DE23-E468-4997-ACDD-F29D48DD3673}.AppStore|x86.ActiveCfg = Debug|Any CPU
		{9534DE23-E468-4997-ACDD-F29D48DD3673}.AppStore|x86.Build.0 = Debug|Any CPU
		{9534DE23-E468-4997-ACDD-F29D48DD3673}.Debug|Any CPU.ActiveCfg = Debug|Any CPU
		{9534DE23-E468-4997-ACDD-F29D48DD3673}.Debug|Any CPU.Build.0 = Debug|Any CPU
		{9534DE23-E468-4997-ACDD-F29D48DD3673}.Debug|ARM.ActiveCfg = Debug|Any CPU
		{9534DE23-E468-4997-ACDD-F29D48DD3673}.Debug|ARM.Build.0 = Debug|Any CPU
		{9534DE23-E468-4997-ACDD-F29D48DD3673}.Debug|iPhone.ActiveCfg = Debug|Any CPU
		{9534DE23-E468-4997-ACDD-F29D48DD3673}.Debug|iPhone.Build.0 = Debug|Any CPU
		{9534DE23-E468-4997-ACDD-F29D48DD3673}.Debug|iPhoneSimulator.ActiveCfg = Debug|Any CPU
		{9534DE23-E468-4997-ACDD-F29D48DD3673}.Debug|iPhoneSimulator.Build.0 = Debug|Any CPU
		{9534DE23-E468-4997-ACDD-F29D48DD3673}.Debug|x64.ActiveCfg = Debug|Any CPU
		{9534DE23-E468-4997-ACDD-F29D48DD3673}.Debug|x64.Build.0 = Debug|Any CPU
		{9534DE23-E468-4997-ACDD-F29D48DD3673}.Debug|x86.ActiveCfg = Debug|Any CPU
		{9534DE23-E468-4997-ACDD-F29D48DD3673}.Debug|x86.Build.0 = Debug|Any CPU
		{9534DE23-E468-4997-ACDD-F29D48DD3673}.Release|Any CPU.ActiveCfg = Release|Any CPU
		{9534DE23-E468-4997-ACDD-F29D48DD3673}.Release|Any CPU.Build.0 = Release|Any CPU
		{9534DE23-E468-4997-ACDD-F29D48DD3673}.Release|ARM.ActiveCfg = Release|Any CPU
		{9534DE23-E468-4997-ACDD-F29D48DD3673}.Release|ARM.Build.0 = Release|Any CPU
		{9534DE23-E468-4997-ACDD-F29D48DD3673}.Release|iPhone.ActiveCfg = Release|Any CPU
		{9534DE23-E468-4997-ACDD-F29D48DD3673}.Release|iPhone.Build.0 = Release|Any CPU
		{9534DE23-E468-4997-ACDD-F29D48DD3673}.Release|iPhoneSimulator.ActiveCfg = Release|Any CPU
		{9534DE23-E468-4997-ACDD-F29D48DD3673}.Release|iPhoneSimulator.Build.0 = Release|Any CPU
		{9534DE23-E468-4997-ACDD-F29D48DD3673}.Release|x64.ActiveCfg = Release|Any CPU
		{9534DE23-E468-4997-ACDD-F29D48DD3673}.Release|x64.Build.0 = Release|Any CPU
		{9534DE23-E468-4997-ACDD-F29D48DD3673}.Release|x86.ActiveCfg = Release|Any CPU
		{9534DE23-E468-4997-ACDD-F29D48DD3673}.Release|x86.Build.0 = Release|Any CPU
		{7FDC81FE-42DC-4166-AA7D-6ACF3E71CF0F}.Ad-Hoc|Any CPU.ActiveCfg = Ad-Hoc|iPhoneSimulator
		{7FDC81FE-42DC-4166-AA7D-6ACF3E71CF0F}.Ad-Hoc|ARM.ActiveCfg = Ad-Hoc|iPhoneSimulator
		{7FDC81FE-42DC-4166-AA7D-6ACF3E71CF0F}.Ad-Hoc|iPhone.ActiveCfg = Ad-Hoc|iPhone
		{7FDC81FE-42DC-4166-AA7D-6ACF3E71CF0F}.Ad-Hoc|iPhone.Build.0 = Ad-Hoc|iPhone
		{7FDC81FE-42DC-4166-AA7D-6ACF3E71CF0F}.Ad-Hoc|iPhoneSimulator.ActiveCfg = Ad-Hoc|iPhoneSimulator
		{7FDC81FE-42DC-4166-AA7D-6ACF3E71CF0F}.Ad-Hoc|iPhoneSimulator.Build.0 = Ad-Hoc|iPhoneSimulator
		{7FDC81FE-42DC-4166-AA7D-6ACF3E71CF0F}.Ad-Hoc|x64.ActiveCfg = Ad-Hoc|iPhoneSimulator
		{7FDC81FE-42DC-4166-AA7D-6ACF3E71CF0F}.Ad-Hoc|x86.ActiveCfg = Ad-Hoc|iPhoneSimulator
		{7FDC81FE-42DC-4166-AA7D-6ACF3E71CF0F}.AppStore|Any CPU.ActiveCfg = AppStore|iPhoneSimulator
		{7FDC81FE-42DC-4166-AA7D-6ACF3E71CF0F}.AppStore|ARM.ActiveCfg = AppStore|iPhoneSimulator
		{7FDC81FE-42DC-4166-AA7D-6ACF3E71CF0F}.AppStore|iPhone.ActiveCfg = AppStore|iPhone
		{7FDC81FE-42DC-4166-AA7D-6ACF3E71CF0F}.AppStore|iPhone.Build.0 = AppStore|iPhone
		{7FDC81FE-42DC-4166-AA7D-6ACF3E71CF0F}.AppStore|iPhoneSimulator.ActiveCfg = AppStore|iPhoneSimulator
		{7FDC81FE-42DC-4166-AA7D-6ACF3E71CF0F}.AppStore|iPhoneSimulator.Build.0 = AppStore|iPhoneSimulator
		{7FDC81FE-42DC-4166-AA7D-6ACF3E71CF0F}.AppStore|x64.ActiveCfg = AppStore|iPhoneSimulator
		{7FDC81FE-42DC-4166-AA7D-6ACF3E71CF0F}.AppStore|x86.ActiveCfg = AppStore|iPhoneSimulator
		{7FDC81FE-42DC-4166-AA7D-6ACF3E71CF0F}.Debug|Any CPU.ActiveCfg = Debug|iPhoneSimulator
		{7FDC81FE-42DC-4166-AA7D-6ACF3E71CF0F}.Debug|ARM.ActiveCfg = Debug|iPhoneSimulator
		{7FDC81FE-42DC-4166-AA7D-6ACF3E71CF0F}.Debug|iPhone.ActiveCfg = Debug|iPhone
		{7FDC81FE-42DC-4166-AA7D-6ACF3E71CF0F}.Debug|iPhone.Build.0 = Debug|iPhone
		{7FDC81FE-42DC-4166-AA7D-6ACF3E71CF0F}.Debug|iPhoneSimulator.ActiveCfg = Debug|iPhoneSimulator
		{7FDC81FE-42DC-4166-AA7D-6ACF3E71CF0F}.Debug|iPhoneSimulator.Build.0 = Debug|iPhoneSimulator
		{7FDC81FE-42DC-4166-AA7D-6ACF3E71CF0F}.Debug|x64.ActiveCfg = Debug|iPhoneSimulator
		{7FDC81FE-42DC-4166-AA7D-6ACF3E71CF0F}.Debug|x86.ActiveCfg = Debug|iPhoneSimulator
		{7FDC81FE-42DC-4166-AA7D-6ACF3E71CF0F}.Release|Any CPU.ActiveCfg = Release|iPhoneSimulator
		{7FDC81FE-42DC-4166-AA7D-6ACF3E71CF0F}.Release|ARM.ActiveCfg = Release|iPhoneSimulator
		{7FDC81FE-42DC-4166-AA7D-6ACF3E71CF0F}.Release|iPhone.ActiveCfg = Release|iPhone
		{7FDC81FE-42DC-4166-AA7D-6ACF3E71CF0F}.Release|iPhone.Build.0 = Release|iPhone
		{7FDC81FE-42DC-4166-AA7D-6ACF3E71CF0F}.Release|iPhoneSimulator.ActiveCfg = Release|iPhoneSimulator
		{7FDC81FE-42DC-4166-AA7D-6ACF3E71CF0F}.Release|iPhoneSimulator.Build.0 = Release|iPhoneSimulator
		{7FDC81FE-42DC-4166-AA7D-6ACF3E71CF0F}.Release|x64.ActiveCfg = Release|iPhoneSimulator
		{7FDC81FE-42DC-4166-AA7D-6ACF3E71CF0F}.Release|x86.ActiveCfg = Release|iPhoneSimulator
		{B621FFF7-4AB6-4ED5-AB32-77AEBE354B04}.Ad-Hoc|Any CPU.ActiveCfg = Debug|Any CPU
		{B621FFF7-4AB6-4ED5-AB32-77AEBE354B04}.Ad-Hoc|Any CPU.Build.0 = Debug|Any CPU
		{B621FFF7-4AB6-4ED5-AB32-77AEBE354B04}.Ad-Hoc|ARM.ActiveCfg = Debug|Any CPU
		{B621FFF7-4AB6-4ED5-AB32-77AEBE354B04}.Ad-Hoc|ARM.Build.0 = Debug|Any CPU
		{B621FFF7-4AB6-4ED5-AB32-77AEBE354B04}.Ad-Hoc|iPhone.ActiveCfg = Debug|Any CPU
		{B621FFF7-4AB6-4ED5-AB32-77AEBE354B04}.Ad-Hoc|iPhone.Build.0 = Debug|Any CPU
		{B621FFF7-4AB6-4ED5-AB32-77AEBE354B04}.Ad-Hoc|iPhoneSimulator.ActiveCfg = Debug|Any CPU
		{B621FFF7-4AB6-4ED5-AB32-77AEBE354B04}.Ad-Hoc|iPhoneSimulator.Build.0 = Debug|Any CPU
		{B621FFF7-4AB6-4ED5-AB32-77AEBE354B04}.Ad-Hoc|x64.ActiveCfg = Debug|Any CPU
		{B621FFF7-4AB6-4ED5-AB32-77AEBE354B04}.Ad-Hoc|x64.Build.0 = Debug|Any CPU
		{B621FFF7-4AB6-4ED5-AB32-77AEBE354B04}.Ad-Hoc|x86.ActiveCfg = Debug|Any CPU
		{B621FFF7-4AB6-4ED5-AB32-77AEBE354B04}.Ad-Hoc|x86.Build.0 = Debug|Any CPU
		{B621FFF7-4AB6-4ED5-AB32-77AEBE354B04}.AppStore|Any CPU.ActiveCfg = Debug|Any CPU
		{B621FFF7-4AB6-4ED5-AB32-77AEBE354B04}.AppStore|Any CPU.Build.0 = Debug|Any CPU
		{B621FFF7-4AB6-4ED5-AB32-77AEBE354B04}.AppStore|ARM.ActiveCfg = Debug|Any CPU
		{B621FFF7-4AB6-4ED5-AB32-77AEBE354B04}.AppStore|ARM.Build.0 = Debug|Any CPU
		{B621FFF7-4AB6-4ED5-AB32-77AEBE354B04}.AppStore|iPhone.ActiveCfg = Debug|Any CPU
		{B621FFF7-4AB6-4ED5-AB32-77AEBE354B04}.AppStore|iPhone.Build.0 = Debug|Any CPU
		{B621FFF7-4AB6-4ED5-AB32-77AEBE354B04}.AppStore|iPhoneSimulator.ActiveCfg = Debug|Any CPU
		{B621FFF7-4AB6-4ED5-AB32-77AEBE354B04}.AppStore|iPhoneSimulator.Build.0 = Debug|Any CPU
		{B621FFF7-4AB6-4ED5-AB32-77AEBE354B04}.AppStore|x64.ActiveCfg = Debug|Any CPU
		{B621FFF7-4AB6-4ED5-AB32-77AEBE354B04}.AppStore|x64.Build.0 = Debug|Any CPU
		{B621FFF7-4AB6-4ED5-AB32-77AEBE354B04}.AppStore|x86.ActiveCfg = Debug|Any CPU
		{B621FFF7-4AB6-4ED5-AB32-77AEBE354B04}.AppStore|x86.Build.0 = Debug|Any CPU
		{B621FFF7-4AB6-4ED5-AB32-77AEBE354B04}.Debug|Any CPU.ActiveCfg = Debug|Any CPU
		{B621FFF7-4AB6-4ED5-AB32-77AEBE354B04}.Debug|Any CPU.Build.0 = Debug|Any CPU
		{B621FFF7-4AB6-4ED5-AB32-77AEBE354B04}.Debug|ARM.ActiveCfg = Debug|Any CPU
		{B621FFF7-4AB6-4ED5-AB32-77AEBE354B04}.Debug|ARM.Build.0 = Debug|Any CPU
		{B621FFF7-4AB6-4ED5-AB32-77AEBE354B04}.Debug|iPhone.ActiveCfg = Debug|Any CPU
		{B621FFF7-4AB6-4ED5-AB32-77AEBE354B04}.Debug|iPhone.Build.0 = Debug|Any CPU
		{B621FFF7-4AB6-4ED5-AB32-77AEBE354B04}.Debug|iPhoneSimulator.ActiveCfg = Debug|Any CPU
		{B621FFF7-4AB6-4ED5-AB32-77AEBE354B04}.Debug|iPhoneSimulator.Build.0 = Debug|Any CPU
		{B621FFF7-4AB6-4ED5-AB32-77AEBE354B04}.Debug|x64.ActiveCfg = Debug|Any CPU
		{B621FFF7-4AB6-4ED5-AB32-77AEBE354B04}.Debug|x64.Build.0 = Debug|Any CPU
		{B621FFF7-4AB6-4ED5-AB32-77AEBE354B04}.Debug|x86.ActiveCfg = Debug|Any CPU
		{B621FFF7-4AB6-4ED5-AB32-77AEBE354B04}.Debug|x86.Build.0 = Debug|Any CPU
		{B621FFF7-4AB6-4ED5-AB32-77AEBE354B04}.Release|Any CPU.ActiveCfg = Release|Any CPU
		{B621FFF7-4AB6-4ED5-AB32-77AEBE354B04}.Release|Any CPU.Build.0 = Release|Any CPU
		{B621FFF7-4AB6-4ED5-AB32-77AEBE354B04}.Release|ARM.ActiveCfg = Release|Any CPU
		{B621FFF7-4AB6-4ED5-AB32-77AEBE354B04}.Release|ARM.Build.0 = Release|Any CPU
		{B621FFF7-4AB6-4ED5-AB32-77AEBE354B04}.Release|iPhone.ActiveCfg = Release|Any CPU
		{B621FFF7-4AB6-4ED5-AB32-77AEBE354B04}.Release|iPhone.Build.0 = Release|Any CPU
		{B621FFF7-4AB6-4ED5-AB32-77AEBE354B04}.Release|iPhoneSimulator.ActiveCfg = Release|Any CPU
		{B621FFF7-4AB6-4ED5-AB32-77AEBE354B04}.Release|iPhoneSimulator.Build.0 = Release|Any CPU
		{B621FFF7-4AB6-4ED5-AB32-77AEBE354B04}.Release|x64.ActiveCfg = Release|Any CPU
		{B621FFF7-4AB6-4ED5-AB32-77AEBE354B04}.Release|x64.Build.0 = Release|Any CPU
		{B621FFF7-4AB6-4ED5-AB32-77AEBE354B04}.Release|x86.ActiveCfg = Release|Any CPU
		{B621FFF7-4AB6-4ED5-AB32-77AEBE354B04}.Release|x86.Build.0 = Release|Any CPU
		{F2E9F898-5CEA-4267-8FEA-10734D287548}.Ad-Hoc|Any CPU.ActiveCfg = Debug|ARM
		{F2E9F898-5CEA-4267-8FEA-10734D287548}.Ad-Hoc|Any CPU.Build.0 = Debug|ARM
		{F2E9F898-5CEA-4267-8FEA-10734D287548}.Ad-Hoc|Any CPU.Deploy.0 = Debug|ARM
		{F2E9F898-5CEA-4267-8FEA-10734D287548}.Ad-Hoc|ARM.ActiveCfg = Debug|ARM
		{F2E9F898-5CEA-4267-8FEA-10734D287548}.Ad-Hoc|ARM.Build.0 = Debug|ARM
		{F2E9F898-5CEA-4267-8FEA-10734D287548}.Ad-Hoc|ARM.Deploy.0 = Debug|ARM
		{F2E9F898-5CEA-4267-8FEA-10734D287548}.Ad-Hoc|iPhone.ActiveCfg = Debug|ARM
		{F2E9F898-5CEA-4267-8FEA-10734D287548}.Ad-Hoc|iPhone.Build.0 = Debug|ARM
		{F2E9F898-5CEA-4267-8FEA-10734D287548}.Ad-Hoc|iPhone.Deploy.0 = Debug|ARM
		{F2E9F898-5CEA-4267-8FEA-10734D287548}.Ad-Hoc|iPhoneSimulator.ActiveCfg = Debug|ARM
		{F2E9F898-5CEA-4267-8FEA-10734D287548}.Ad-Hoc|iPhoneSimulator.Build.0 = Debug|ARM
		{F2E9F898-5CEA-4267-8FEA-10734D287548}.Ad-Hoc|iPhoneSimulator.Deploy.0 = Debug|ARM
		{F2E9F898-5CEA-4267-8FEA-10734D287548}.Ad-Hoc|x64.ActiveCfg = Debug|x64
		{F2E9F898-5CEA-4267-8FEA-10734D287548}.Ad-Hoc|x64.Build.0 = Debug|x64
		{F2E9F898-5CEA-4267-8FEA-10734D287548}.Ad-Hoc|x64.Deploy.0 = Debug|x64
		{F2E9F898-5CEA-4267-8FEA-10734D287548}.Ad-Hoc|x86.ActiveCfg = Debug|x86
		{F2E9F898-5CEA-4267-8FEA-10734D287548}.Ad-Hoc|x86.Build.0 = Debug|x86
		{F2E9F898-5CEA-4267-8FEA-10734D287548}.Ad-Hoc|x86.Deploy.0 = Debug|x86
		{F2E9F898-5CEA-4267-8FEA-10734D287548}.AppStore|Any CPU.ActiveCfg = Debug|ARM
		{F2E9F898-5CEA-4267-8FEA-10734D287548}.AppStore|Any CPU.Build.0 = Debug|ARM
		{F2E9F898-5CEA-4267-8FEA-10734D287548}.AppStore|Any CPU.Deploy.0 = Debug|ARM
		{F2E9F898-5CEA-4267-8FEA-10734D287548}.AppStore|ARM.ActiveCfg = Debug|ARM
		{F2E9F898-5CEA-4267-8FEA-10734D287548}.AppStore|ARM.Build.0 = Debug|ARM
		{F2E9F898-5CEA-4267-8FEA-10734D287548}.AppStore|ARM.Deploy.0 = Debug|ARM
		{F2E9F898-5CEA-4267-8FEA-10734D287548}.AppStore|iPhone.ActiveCfg = Debug|ARM
		{F2E9F898-5CEA-4267-8FEA-10734D287548}.AppStore|iPhone.Build.0 = Debug|ARM
		{F2E9F898-5CEA-4267-8FEA-10734D287548}.AppStore|iPhone.Deploy.0 = Debug|ARM
		{F2E9F898-5CEA-4267-8FEA-10734D287548}.AppStore|iPhoneSimulator.ActiveCfg = Debug|ARM
		{F2E9F898-5CEA-4267-8FEA-10734D287548}.AppStore|iPhoneSimulator.Build.0 = Debug|ARM
		{F2E9F898-5CEA-4267-8FEA-10734D287548}.AppStore|iPhoneSimulator.Deploy.0 = Debug|ARM
		{F2E9F898-5CEA-4267-8FEA-10734D287548}.AppStore|x64.ActiveCfg = Debug|x64
		{F2E9F898-5CEA-4267-8FEA-10734D287548}.AppStore|x64.Build.0 = Debug|x64
		{F2E9F898-5CEA-4267-8FEA-10734D287548}.AppStore|x64.Deploy.0 = Debug|x64
		{F2E9F898-5CEA-4267-8FEA-10734D287548}.AppStore|x86.ActiveCfg = Debug|x86
		{F2E9F898-5CEA-4267-8FEA-10734D287548}.AppStore|x86.Build.0 = Debug|x86
		{F2E9F898-5CEA-4267-8FEA-10734D287548}.AppStore|x86.Deploy.0 = Debug|x86
		{F2E9F898-5CEA-4267-8FEA-10734D287548}.Debug|Any CPU.ActiveCfg = Debug|x86
		{F2E9F898-5CEA-4267-8FEA-10734D287548}.Debug|ARM.ActiveCfg = Debug|ARM
		{F2E9F898-5CEA-4267-8FEA-10734D287548}.Debug|ARM.Build.0 = Debug|ARM
		{F2E9F898-5CEA-4267-8FEA-10734D287548}.Debug|ARM.Deploy.0 = Debug|ARM
		{F2E9F898-5CEA-4267-8FEA-10734D287548}.Debug|iPhone.ActiveCfg = Debug|x86
		{F2E9F898-5CEA-4267-8FEA-10734D287548}.Debug|iPhoneSimulator.ActiveCfg = Debug|x86
		{F2E9F898-5CEA-4267-8FEA-10734D287548}.Debug|x64.ActiveCfg = Debug|x64
		{F2E9F898-5CEA-4267-8FEA-10734D287548}.Debug|x64.Build.0 = Debug|x64
		{F2E9F898-5CEA-4267-8FEA-10734D287548}.Debug|x64.Deploy.0 = Debug|x64
		{F2E9F898-5CEA-4267-8FEA-10734D287548}.Debug|x86.ActiveCfg = Debug|x86
		{F2E9F898-5CEA-4267-8FEA-10734D287548}.Debug|x86.Build.0 = Debug|x86
		{F2E9F898-5CEA-4267-8FEA-10734D287548}.Debug|x86.Deploy.0 = Debug|x86
		{F2E9F898-5CEA-4267-8FEA-10734D287548}.Release|Any CPU.ActiveCfg = Release|x86
		{F2E9F898-5CEA-4267-8FEA-10734D287548}.Release|ARM.ActiveCfg = Release|ARM
		{F2E9F898-5CEA-4267-8FEA-10734D287548}.Release|ARM.Build.0 = Release|ARM
		{F2E9F898-5CEA-4267-8FEA-10734D287548}.Release|ARM.Deploy.0 = Release|ARM
		{F2E9F898-5CEA-4267-8FEA-10734D287548}.Release|iPhone.ActiveCfg = Release|x86
		{F2E9F898-5CEA-4267-8FEA-10734D287548}.Release|iPhoneSimulator.ActiveCfg = Release|x86
		{F2E9F898-5CEA-4267-8FEA-10734D287548}.Release|x64.ActiveCfg = Release|x64
		{F2E9F898-5CEA-4267-8FEA-10734D287548}.Release|x64.Build.0 = Release|x64
		{F2E9F898-5CEA-4267-8FEA-10734D287548}.Release|x64.Deploy.0 = Release|x64
		{F2E9F898-5CEA-4267-8FEA-10734D287548}.Release|x86.ActiveCfg = Release|x86
		{F2E9F898-5CEA-4267-8FEA-10734D287548}.Release|x86.Build.0 = Release|x86
		{F2E9F898-5CEA-4267-8FEA-10734D287548}.Release|x86.Deploy.0 = Release|x86
		{A4D0AA88-5DBC-46AC-A3D3-EA0060640C6F}.Ad-Hoc|Any CPU.ActiveCfg = Debug|Any CPU
		{A4D0AA88-5DBC-46AC-A3D3-EA0060640C6F}.Ad-Hoc|Any CPU.Build.0 = Debug|Any CPU
		{A4D0AA88-5DBC-46AC-A3D3-EA0060640C6F}.Ad-Hoc|ARM.ActiveCfg = Debug|Any CPU
		{A4D0AA88-5DBC-46AC-A3D3-EA0060640C6F}.Ad-Hoc|ARM.Build.0 = Debug|Any CPU
		{A4D0AA88-5DBC-46AC-A3D3-EA0060640C6F}.Ad-Hoc|iPhone.ActiveCfg = Debug|Any CPU
		{A4D0AA88-5DBC-46AC-A3D3-EA0060640C6F}.Ad-Hoc|iPhone.Build.0 = Debug|Any CPU
		{A4D0AA88-5DBC-46AC-A3D3-EA0060640C6F}.Ad-Hoc|iPhoneSimulator.ActiveCfg = Debug|Any CPU
		{A4D0AA88-5DBC-46AC-A3D3-EA0060640C6F}.Ad-Hoc|iPhoneSimulator.Build.0 = Debug|Any CPU
		{A4D0AA88-5DBC-46AC-A3D3-EA0060640C6F}.Ad-Hoc|x64.ActiveCfg = Debug|Any CPU
		{A4D0AA88-5DBC-46AC-A3D3-EA0060640C6F}.Ad-Hoc|x64.Build.0 = Debug|Any CPU
		{A4D0AA88-5DBC-46AC-A3D3-EA0060640C6F}.Ad-Hoc|x86.ActiveCfg = Debug|Any CPU
		{A4D0AA88-5DBC-46AC-A3D3-EA0060640C6F}.Ad-Hoc|x86.Build.0 = Debug|Any CPU
		{A4D0AA88-5DBC-46AC-A3D3-EA0060640C6F}.AppStore|Any CPU.ActiveCfg = Debug|Any CPU
		{A4D0AA88-5DBC-46AC-A3D3-EA0060640C6F}.AppStore|Any CPU.Build.0 = Debug|Any CPU
		{A4D0AA88-5DBC-46AC-A3D3-EA0060640C6F}.AppStore|ARM.ActiveCfg = Debug|Any CPU
		{A4D0AA88-5DBC-46AC-A3D3-EA0060640C6F}.AppStore|ARM.Build.0 = Debug|Any CPU
		{A4D0AA88-5DBC-46AC-A3D3-EA0060640C6F}.AppStore|iPhone.ActiveCfg = Debug|Any CPU
		{A4D0AA88-5DBC-46AC-A3D3-EA0060640C6F}.AppStore|iPhone.Build.0 = Debug|Any CPU
		{A4D0AA88-5DBC-46AC-A3D3-EA0060640C6F}.AppStore|iPhoneSimulator.ActiveCfg = Debug|Any CPU
		{A4D0AA88-5DBC-46AC-A3D3-EA0060640C6F}.AppStore|iPhoneSimulator.Build.0 = Debug|Any CPU
		{A4D0AA88-5DBC-46AC-A3D3-EA0060640C6F}.AppStore|x64.ActiveCfg = Debug|Any CPU
		{A4D0AA88-5DBC-46AC-A3D3-EA0060640C6F}.AppStore|x64.Build.0 = Debug|Any CPU
		{A4D0AA88-5DBC-46AC-A3D3-EA0060640C6F}.AppStore|x86.ActiveCfg = Debug|Any CPU
		{A4D0AA88-5DBC-46AC-A3D3-EA0060640C6F}.AppStore|x86.Build.0 = Debug|Any CPU
		{A4D0AA88-5DBC-46AC-A3D3-EA0060640C6F}.Debug|Any CPU.ActiveCfg = Debug|Any CPU
		{A4D0AA88-5DBC-46AC-A3D3-EA0060640C6F}.Debug|Any CPU.Build.0 = Debug|Any CPU
		{A4D0AA88-5DBC-46AC-A3D3-EA0060640C6F}.Debug|ARM.ActiveCfg = Debug|Any CPU
		{A4D0AA88-5DBC-46AC-A3D3-EA0060640C6F}.Debug|ARM.Build.0 = Debug|Any CPU
		{A4D0AA88-5DBC-46AC-A3D3-EA0060640C6F}.Debug|iPhone.ActiveCfg = Debug|Any CPU
		{A4D0AA88-5DBC-46AC-A3D3-EA0060640C6F}.Debug|iPhone.Build.0 = Debug|Any CPU
		{A4D0AA88-5DBC-46AC-A3D3-EA0060640C6F}.Debug|iPhoneSimulator.ActiveCfg = Debug|Any CPU
		{A4D0AA88-5DBC-46AC-A3D3-EA0060640C6F}.Debug|iPhoneSimulator.Build.0 = Debug|Any CPU
		{A4D0AA88-5DBC-46AC-A3D3-EA0060640C6F}.Debug|x64.ActiveCfg = Debug|Any CPU
		{A4D0AA88-5DBC-46AC-A3D3-EA0060640C6F}.Debug|x64.Build.0 = Debug|Any CPU
		{A4D0AA88-5DBC-46AC-A3D3-EA0060640C6F}.Debug|x86.ActiveCfg = Debug|Any CPU
		{A4D0AA88-5DBC-46AC-A3D3-EA0060640C6F}.Debug|x86.Build.0 = Debug|Any CPU
		{A4D0AA88-5DBC-46AC-A3D3-EA0060640C6F}.Release|Any CPU.ActiveCfg = Release|Any CPU
		{A4D0AA88-5DBC-46AC-A3D3-EA0060640C6F}.Release|Any CPU.Build.0 = Release|Any CPU
		{A4D0AA88-5DBC-46AC-A3D3-EA0060640C6F}.Release|ARM.ActiveCfg = Release|Any CPU
		{A4D0AA88-5DBC-46AC-A3D3-EA0060640C6F}.Release|ARM.Build.0 = Release|Any CPU
		{A4D0AA88-5DBC-46AC-A3D3-EA0060640C6F}.Release|iPhone.ActiveCfg = Release|Any CPU
		{A4D0AA88-5DBC-46AC-A3D3-EA0060640C6F}.Release|iPhone.Build.0 = Release|Any CPU
		{A4D0AA88-5DBC-46AC-A3D3-EA0060640C6F}.Release|iPhoneSimulator.ActiveCfg = Release|Any CPU
		{A4D0AA88-5DBC-46AC-A3D3-EA0060640C6F}.Release|iPhoneSimulator.Build.0 = Release|Any CPU
		{A4D0AA88-5DBC-46AC-A3D3-EA0060640C6F}.Release|x64.ActiveCfg = Release|Any CPU
		{A4D0AA88-5DBC-46AC-A3D3-EA0060640C6F}.Release|x64.Build.0 = Release|Any CPU
		{A4D0AA88-5DBC-46AC-A3D3-EA0060640C6F}.Release|x86.ActiveCfg = Release|Any CPU
		{A4D0AA88-5DBC-46AC-A3D3-EA0060640C6F}.Release|x86.Build.0 = Release|Any CPU
	EndGlobalSection
	GlobalSection(SolutionProperties) = preSolution
		HideSolutionNode = FALSE
	EndGlobalSection
	GlobalSection(ExtensibilityGlobals) = postSolution
		SolutionGuid = {7CF24EA4-98EB-4E49-9FCB-BC5C59E0B9D3}
	EndGlobalSection
EndGlobal
